
Microsoft Visual Studio Solution File, Format Version 12.00
# Visual Studio 15
VisualStudioVersion = 15.0.26430.15
MinimumVisualStudioVersion = 10.0.40219.1
Project("{FAE04EC0-301F-11D3-BF4B-00C04F79EFBC}") = "AceOfSpades", "AceOfSpades\AceOfSpades.csproj", "{4D2374BA-5B6A-4591-BDBB-3770260FA210}"
EndProject
Project("{FAE04EC0-301F-11D3-BF4B-00C04F79EFBC}") = "AceOfSpades.Server", "AceOfSpades.Server\AceOfSpades.Server.csproj", "{BBE53C4A-0B46-47C5-8403-22813EC67EC5}"
EndProject
Project("{FAE04EC0-301F-11D3-BF4B-00C04F79EFBC}") = "AceOfSpades.Client", "AceOfSpades.Client\AceOfSpades.Client.csproj", "{B46F7052-7385-4B14-90A9-E35B0BA3454C}"
EndProject
Project("{FAE04EC0-301F-11D3-BF4B-00C04F79EFBC}") = "Dash.Engine", "Dash.Engine\Dash.Engine.csproj", "{B8A7FE96-939B-4F3B-A8F8-ACB914960AA8}"
EndProject
Project("{FAE04EC0-301F-11D3-BF4B-00C04F79EFBC}") = "ErrorHandler", "ErrorHandler\ErrorHandler.csproj", "{474CE008-EDBE-4F3F-8437-19BDE4FFD134}"
EndProject
Project("{FAE04EC0-301F-11D3-BF4B-00C04F79EFBC}") = "AceOfSpades.Editor", "AceOfSpades.Editor\AceOfSpades.Editor.csproj", "{63934280-E98A-432E-BFA4-44BCB8ED2AE9}"
EndProject
Project("{FAE04EC0-301F-11D3-BF4B-00C04F79EFBC}") = "AceOfSpades.Editor.World", "AceOfSpades.Editor.World\AceOfSpades.Editor.World.csproj", "{2F89092E-2C5D-4653-8583-D80BB342006C}"
EndProject
Project("{FAE04EC0-301F-11D3-BF4B-00C04F79EFBC}") = "Dash.Net", "Dash.Net\Dash.Net.csproj", "{94DEB6C7-352C-40EF-B4A5-623AC2C69591}"
EndProject
Project("{FAE04EC0-301F-11D3-BF4B-00C04F79EFBC}") = "AceOfSpades.Editor.Models", "AceOfSpades.Editor.Models\AceOfSpades.Editor.Models.csproj", "{7F3B198F-ECCB-4B32-A26C-15ED3A9B443E}"
EndProject
Project("{FAE04EC0-301F-11D3-BF4B-00C04F79EFBC}") = "Dash.ErrorHandler", "Dash.ErrorHandler\Dash.ErrorHandler.csproj", "{A61D34F4-3183-4DCE-9822-C8C381C4010E}"
EndProject
Project("{FAE04EC0-301F-11D3-BF4B-00C04F79EFBC}") = "Dash.Engine.Graphics.Context", "Dash.Engine.Graphics.Context\Dash.Engine.Graphics.Context.csproj", "{581817A7-1621-4A74-9261-819EBD1E0F23}"
EndProject
Global
	GlobalSection(SolutionConfigurationPlatforms) = preSolution
		Debug|Any CPU = Debug|Any CPU
		Debug|x64 = Debug|x64
		Debug|x86 = Debug|x86
		Release|Any CPU = Release|Any CPU
		Release|x64 = Release|x64
		Release|x86 = Release|x86
	EndGlobalSection
	GlobalSection(ProjectConfigurationPlatforms) = postSolution
		{4D2374BA-5B6A-4591-BDBB-3770260FA210}.Debug|Any CPU.ActiveCfg = Debug|Any CPU
		{4D2374BA-5B6A-4591-BDBB-3770260FA210}.Debug|Any CPU.Build.0 = Debug|Any CPU
		{4D2374BA-5B6A-4591-BDBB-3770260FA210}.Debug|x64.ActiveCfg = Debug|x64
		{4D2374BA-5B6A-4591-BDBB-3770260FA210}.Debug|x64.Build.0 = Debug|x64
		{4D2374BA-5B6A-4591-BDBB-3770260FA210}.Debug|x86.ActiveCfg = Debug|x86
		{4D2374BA-5B6A-4591-BDBB-3770260FA210}.Debug|x86.Build.0 = Debug|x86
		{4D2374BA-5B6A-4591-BDBB-3770260FA210}.Release|Any CPU.ActiveCfg = Release|Any CPU
		{4D2374BA-5B6A-4591-BDBB-3770260FA210}.Release|Any CPU.Build.0 = Release|Any CPU
		{4D2374BA-5B6A-4591-BDBB-3770260FA210}.Release|x64.ActiveCfg = Release|x64
		{4D2374BA-5B6A-4591-BDBB-3770260FA210}.Release|x64.Build.0 = Release|x64
		{4D2374BA-5B6A-4591-BDBB-3770260FA210}.Release|x86.ActiveCfg = Release|x86
		{4D2374BA-5B6A-4591-BDBB-3770260FA210}.Release|x86.Build.0 = Release|x86
		{BBE53C4A-0B46-47C5-8403-22813EC67EC5}.Debug|Any CPU.ActiveCfg = Debug|Any CPU
		{BBE53C4A-0B46-47C5-8403-22813EC67EC5}.Debug|Any CPU.Build.0 = Debug|Any CPU
		{BBE53C4A-0B46-47C5-8403-22813EC67EC5}.Debug|x64.ActiveCfg = Debug|x64
		{BBE53C4A-0B46-47C5-8403-22813EC67EC5}.Debug|x64.Build.0 = Debug|x64
		{BBE53C4A-0B46-47C5-8403-22813EC67EC5}.Debug|x86.ActiveCfg = Debug|x86
		{BBE53C4A-0B46-47C5-8403-22813EC67EC5}.Debug|x86.Build.0 = Debug|x86
		{BBE53C4A-0B46-47C5-8403-22813EC67EC5}.Release|Any CPU.ActiveCfg = Release|Any CPU
		{BBE53C4A-0B46-47C5-8403-22813EC67EC5}.Release|Any CPU.Build.0 = Release|Any CPU
		{BBE53C4A-0B46-47C5-8403-22813EC67EC5}.Release|x64.ActiveCfg = Release|x64
		{BBE53C4A-0B46-47C5-8403-22813EC67EC5}.Release|x64.Build.0 = Release|x64
		{BBE53C4A-0B46-47C5-8403-22813EC67EC5}.Release|x86.ActiveCfg = Release|x86
		{BBE53C4A-0B46-47C5-8403-22813EC67EC5}.Release|x86.Build.0 = Release|x86
		{B46F7052-7385-4B14-90A9-E35B0BA3454C}.Debug|Any CPU.ActiveCfg = Debug|Any CPU
		{B46F7052-7385-4B14-90A9-E35B0BA3454C}.Debug|Any CPU.Build.0 = Debug|Any CPU
		{B46F7052-7385-4B14-90A9-E35B0BA3454C}.Debug|x64.ActiveCfg = Debug|x64
		{B46F7052-7385-4B14-90A9-E35B0BA3454C}.Debug|x64.Build.0 = Debug|x64
		{B46F7052-7385-4B14-90A9-E35B0BA3454C}.Debug|x86.ActiveCfg = Debug|x86
		{B46F7052-7385-4B14-90A9-E35B0BA3454C}.Debug|x86.Build.0 = Debug|x86
		{B46F7052-7385-4B14-90A9-E35B0BA3454C}.Release|Any CPU.ActiveCfg = Release|Any CPU
		{B46F7052-7385-4B14-90A9-E35B0BA3454C}.Release|Any CPU.Build.0 = Release|Any CPU
		{B46F7052-7385-4B14-90A9-E35B0BA3454C}.Release|x64.ActiveCfg = Release|x64
		{B46F7052-7385-4B14-90A9-E35B0BA3454C}.Release|x64.Build.0 = Release|x64
		{B46F7052-7385-4B14-90A9-E35B0BA3454C}.Release|x86.ActiveCfg = Release|x86
		{B46F7052-7385-4B14-90A9-E35B0BA3454C}.Release|x86.Build.0 = Release|x86
		{B8A7FE96-939B-4F3B-A8F8-ACB914960AA8}.Debug|Any CPU.ActiveCfg = Debug|Any CPU
		{B8A7FE96-939B-4F3B-A8F8-ACB914960AA8}.Debug|Any CPU.Build.0 = Debug|Any CPU
		{B8A7FE96-939B-4F3B-A8F8-ACB914960AA8}.Debug|x64.ActiveCfg = Debug|x64
		{B8A7FE96-939B-4F3B-A8F8-ACB914960AA8}.Debug|x64.Build.0 = Debug|x64
		{B8A7FE96-939B-4F3B-A8F8-ACB914960AA8}.Debug|x86.ActiveCfg = Debug|x86
		{B8A7FE96-939B-4F3B-A8F8-ACB914960AA8}.Debug|x86.Build.0 = Debug|x86
		{B8A7FE96-939B-4F3B-A8F8-ACB914960AA8}.Release|Any CPU.ActiveCfg = Release|Any CPU
		{B8A7FE96-939B-4F3B-A8F8-ACB914960AA8}.Release|Any CPU.Build.0 = Release|Any CPU
		{B8A7FE96-939B-4F3B-A8F8-ACB914960AA8}.Release|x64.ActiveCfg = Release|x64
		{B8A7FE96-939B-4F3B-A8F8-ACB914960AA8}.Release|x64.Build.0 = Release|x64
		{B8A7FE96-939B-4F3B-A8F8-ACB914960AA8}.Release|x86.ActiveCfg = Release|x86
		{B8A7FE96-939B-4F3B-A8F8-ACB914960AA8}.Release|x86.Build.0 = Release|x86
		{474CE008-EDBE-4F3F-8437-19BDE4FFD134}.Debug|Any CPU.ActiveCfg = Debug|Any CPU
		{474CE008-EDBE-4F3F-8437-19BDE4FFD134}.Debug|Any CPU.Build.0 = Debug|Any CPU
		{474CE008-EDBE-4F3F-8437-19BDE4FFD134}.Debug|x64.ActiveCfg = Debug|x64
		{474CE008-EDBE-4F3F-8437-19BDE4FFD134}.Debug|x64.Build.0 = Debug|x64
		{474CE008-EDBE-4F3F-8437-19BDE4FFD134}.Debug|x86.ActiveCfg = Debug|x86
		{474CE008-EDBE-4F3F-8437-19BDE4FFD134}.Debug|x86.Build.0 = Debug|x86
		{474CE008-EDBE-4F3F-8437-19BDE4FFD134}.Release|Any CPU.ActiveCfg = Release|Any CPU
		{474CE008-EDBE-4F3F-8437-19BDE4FFD134}.Release|Any CPU.Build.0 = Release|Any CPU
		{474CE008-EDBE-4F3F-8437-19BDE4FFD134}.Release|x64.ActiveCfg = Release|x64
		{474CE008-EDBE-4F3F-8437-19BDE4FFD134}.Release|x64.Build.0 = Release|x64
		{474CE008-EDBE-4F3F-8437-19BDE4FFD134}.Release|x86.ActiveCfg = Release|x86
		{474CE008-EDBE-4F3F-8437-19BDE4FFD134}.Release|x86.Build.0 = Release|x86
		{63934280-E98A-432E-BFA4-44BCB8ED2AE9}.Debug|Any CPU.ActiveCfg = Debug|Any CPU
		{63934280-E98A-432E-BFA4-44BCB8ED2AE9}.Debug|Any CPU.Build.0 = Debug|Any CPU
		{63934280-E98A-432E-BFA4-44BCB8ED2AE9}.Debug|x64.ActiveCfg = Debug|x64
		{63934280-E98A-432E-BFA4-44BCB8ED2AE9}.Debug|x64.Build.0 = Debug|x64
		{63934280-E98A-432E-BFA4-44BCB8ED2AE9}.Debug|x86.ActiveCfg = Debug|x86
		{63934280-E98A-432E-BFA4-44BCB8ED2AE9}.Debug|x86.Build.0 = Debug|x86
		{63934280-E98A-432E-BFA4-44BCB8ED2AE9}.Release|Any CPU.ActiveCfg = Release|Any CPU
		{63934280-E98A-432E-BFA4-44BCB8ED2AE9}.Release|Any CPU.Build.0 = Release|Any CPU
		{63934280-E98A-432E-BFA4-44BCB8ED2AE9}.Release|x64.ActiveCfg = Release|x64
		{63934280-E98A-432E-BFA4-44BCB8ED2AE9}.Release|x64.Build.0 = Release|x64
		{63934280-E98A-432E-BFA4-44BCB8ED2AE9}.Release|x86.ActiveCfg = Release|x86
		{63934280-E98A-432E-BFA4-44BCB8ED2AE9}.Release|x86.Build.0 = Release|x86
		{2F89092E-2C5D-4653-8583-D80BB342006C}.Debug|Any CPU.ActiveCfg = Debug|Any CPU
		{2F89092E-2C5D-4653-8583-D80BB342006C}.Debug|Any CPU.Build.0 = Debug|Any CPU
		{2F89092E-2C5D-4653-8583-D80BB342006C}.Debug|x64.ActiveCfg = Debug|x64
		{2F89092E-2C5D-4653-8583-D80BB342006C}.Debug|x64.Build.0 = Debug|x64
		{2F89092E-2C5D-4653-8583-D80BB342006C}.Debug|x86.ActiveCfg = Debug|x86
		{2F89092E-2C5D-4653-8583-D80BB342006C}.Debug|x86.Build.0 = Debug|x86
		{2F89092E-2C5D-4653-8583-D80BB342006C}.Release|Any CPU.ActiveCfg = Release|Any CPU
		{2F89092E-2C5D-4653-8583-D80BB342006C}.Release|Any CPU.Build.0 = Release|Any CPU
		{2F89092E-2C5D-4653-8583-D80BB342006C}.Release|x64.ActiveCfg = Release|x64
		{2F89092E-2C5D-4653-8583-D80BB342006C}.Release|x64.Build.0 = Release|x64
		{2F89092E-2C5D-4653-8583-D80BB342006C}.Release|x86.ActiveCfg = Release|x86
		{2F89092E-2C5D-4653-8583-D80BB342006C}.Release|x86.Build.0 = Release|x86
		{94DEB6C7-352C-40EF-B4A5-623AC2C69591}.Debug|Any CPU.ActiveCfg = Debug|Any CPU
		{94DEB6C7-352C-40EF-B4A5-623AC2C69591}.Debug|Any CPU.Build.0 = Debug|Any CPU
		{94DEB6C7-352C-40EF-B4A5-623AC2C69591}.Debug|x64.ActiveCfg = Debug|x64
		{94DEB6C7-352C-40EF-B4A5-623AC2C69591}.Debug|x64.Build.0 = Debug|x64
		{94DEB6C7-352C-40EF-B4A5-623AC2C69591}.Debug|x86.ActiveCfg = Debug|x86
		{94DEB6C7-352C-40EF-B4A5-623AC2C69591}.Debug|x86.Build.0 = Debug|x86
		{94DEB6C7-352C-40EF-B4A5-623AC2C69591}.Release|Any CPU.ActiveCfg = Release|Any CPU
		{94DEB6C7-352C-40EF-B4A5-623AC2C69591}.Release|Any CPU.Build.0 = Release|Any CPU
		{94DEB6C7-352C-40EF-B4A5-623AC2C69591}.Release|x64.ActiveCfg = Release|x64
		{94DEB6C7-352C-40EF-B4A5-623AC2C69591}.Release|x64.Build.0 = Release|x64
		{94DEB6C7-352C-40EF-B4A5-623AC2C69591}.Release|x86.ActiveCfg = Release|x86
		{94DEB6C7-352C-40EF-B4A5-623AC2C69591}.Release|x86.Build.0 = Release|x86
		{7F3B198F-ECCB-4B32-A26C-15ED3A9B443E}.Debug|Any CPU.ActiveCfg = Debug|Any CPU
		{7F3B198F-ECCB-4B32-A26C-15ED3A9B443E}.Debug|Any CPU.Build.0 = Debug|Any CPU
		{7F3B198F-ECCB-4B32-A26C-15ED3A9B443E}.Debug|x64.ActiveCfg = Debug|x64
		{7F3B198F-ECCB-4B32-A26C-15ED3A9B443E}.Debug|x64.Build.0 = Debug|x64
		{7F3B198F-ECCB-4B32-A26C-15ED3A9B443E}.Debug|x86.ActiveCfg = Debug|x86
		{7F3B198F-ECCB-4B32-A26C-15ED3A9B443E}.Debug|x86.Build.0 = Debug|x86
		{7F3B198F-ECCB-4B32-A26C-15ED3A9B443E}.Release|Any CPU.ActiveCfg = Release|Any CPU
		{7F3B198F-ECCB-4B32-A26C-15ED3A9B443E}.Release|Any CPU.Build.0 = Release|Any CPU
		{7F3B198F-ECCB-4B32-A26C-15ED3A9B443E}.Release|x64.ActiveCfg = Release|x64
		{7F3B198F-ECCB-4B32-A26C-15ED3A9B443E}.Release|x64.Build.0 = Release|x64
		{7F3B198F-ECCB-4B32-A26C-15ED3A9B443E}.Release|x86.ActiveCfg = Release|x86
		{7F3B198F-ECCB-4B32-A26C-15ED3A9B443E}.Release|x86.Build.0 = Release|x86
		{A61D34F4-3183-4DCE-9822-C8C381C4010E}.Debug|Any CPU.ActiveCfg = Debug|Any CPU
		{A61D34F4-3183-4DCE-9822-C8C381C4010E}.Debug|Any CPU.Build.0 = Debug|Any CPU
		{A61D34F4-3183-4DCE-9822-C8C381C4010E}.Debug|x64.ActiveCfg = Debug|x64
		{A61D34F4-3183-4DCE-9822-C8C381C4010E}.Debug|x64.Build.0 = Debug|x64
		{A61D34F4-3183-4DCE-9822-C8C381C4010E}.Debug|x86.ActiveCfg = Debug|x86
		{A61D34F4-3183-4DCE-9822-C8C381C4010E}.Debug|x86.Build.0 = Debug|x86
		{A61D34F4-3183-4DCE-9822-C8C381C4010E}.Release|Any CPU.ActiveCfg = Release|Any CPU
		{A61D34F4-3183-4DCE-9822-C8C381C4010E}.Release|Any CPU.Build.0 = Release|Any CPU
		{A61D34F4-3183-4DCE-9822-C8C381C4010E}.Release|x64.ActiveCfg = Release|x64
		{A61D34F4-3183-4DCE-9822-C8C381C4010E}.Release|x64.Build.0 = Release|x64
		{A61D34F4-3183-4DCE-9822-C8C381C4010E}.Release|x86.ActiveCfg = Release|x86
		{A61D34F4-3183-4DCE-9822-C8C381C4010E}.Release|x86.Build.0 = Release|x86
		{581817A7-1621-4A74-9261-819EBD1E0F23}.Debug|Any CPU.ActiveCfg = Debug|Any CPU
		{581817A7-1621-4A74-9261-819EBD1E0F23}.Debug|Any CPU.Build.0 = Debug|Any CPU
		{581817A7-1621-4A74-9261-819EBD1E0F23}.Debug|x64.ActiveCfg = Debug|x64
		{581817A7-1621-4A74-9261-819EBD1E0F23}.Debug|x64.Build.0 = Debug|x64
		{581817A7-1621-4A74-9261-819EBD1E0F23}.Debug|x86.ActiveCfg = Debug|x86
		{581817A7-1621-4A74-9261-819EBD1E0F23}.Debug|x86.Build.0 = Debug|x86
		{581817A7-1621-4A74-9261-819EBD1E0F23}.Release|Any CPU.ActiveCfg = Release|Any CPU
		{581817A7-1621-4A74-9261-819EBD1E0F23}.Release|Any CPU.Build.0 = Release|Any CPU
		{581817A7-1621-4A74-9261-819EBD1E0F23}.Release|x64.ActiveCfg = Release|x64
		{581817A7-1621-4A74-9261-819EBD1E0F23}.Release|x64.Build.0 = Release|x64
		{581817A7-1621-4A74-9261-819EBD1E0F23}.Release|x86.ActiveCfg = Release|x86
		{581817A7-1621-4A74-9261-819EBD1E0F23}.Release|x86.Build.0 = Release|x86
	EndGlobalSection
	GlobalSection(SolutionProperties) = preSolution
		HideSolutionNode = FALSE
	EndGlobalSection
EndGlobal
